
Microsoft Visual Studio Solution File, Format Version 12.00
# Visual Studio Version 17
VisualStudioVersion = 17.7.34024.191
MinimumVisualStudioVersion = 10.0.40219.1
Project("{9A19103F-16F7-4668-BE54-9A1E7A4F7556}") = "Billiards", "Billiards.csproj", "{7F8FC827-A4D6-46F1-AED1-7DB0A001F788}"
EndProject
Global
	GlobalSection(SolutionConfigurationPlatforms) = preSolution
		Debug|Any CPU = Debug|Any CPU
		Release|Any CPU = Release|Any CPU
	EndGlobalSection
	GlobalSection(ProjectConfigurationPlatforms) = postSolution
		{7F8FC827-A4D6-46F1-AED1-7DB0A001F788}.Debug|Any CPU.ActiveCfg = Debug|Any CPU
		{7F8FC827-A4D6-46F1-AED1-7DB0A001F788}.Debug|Any CPU.Build.0 = Debug|Any CPU
		{7F8FC827-A4D6-46F1-AED1-7DB0A001F788}.Release|Any CPU.ActiveCfg = Release|Any CPU
		{7F8FC827-A4D6-46F1-AED1-7DB0A001F788}.Release|Any CPU.Build.0 = Release|Any CPU
	EndGlobalSection
	GlobalSection(SolutionProperties) = preSolution
		HideSolutionNode = FALSE
	EndGlobalSection
	GlobalSection(ExtensibilityGlobals) = postSolution
		SolutionGuid = {15415AC1-C242-4481-8507-A7E665392269}
	EndGlobalSection
EndGlobal
